
Microsoft Visual Studio Solution File, Format Version 12.00
# Visual Studio Version 17
VisualStudioVersion = 17.5.002.0
MinimumVisualStudioVersion = 10.0.40219.1
Project("{9A19103F-16F7-4668-BE54-9A1E7A4F7556}") = "ShopSite.CW.WebApp", "ShopSite.CW.WebApp.csproj", "{7FED7CB8-74E9-446C-BC58-FFA7583BB747}"
EndProject
Global
	GlobalSection(SolutionConfigurationPlatforms) = preSolution
		Debug|Any CPU = Debug|Any CPU
		Release|Any CPU = Release|Any CPU
	EndGlobalSection
	GlobalSection(ProjectConfigurationPlatforms) = postSolution
		{7FED7CB8-74E9-446C-BC58-FFA7583BB747}.Debug|Any CPU.ActiveCfg = Debug|Any CPU
		{7FED7CB8-74E9-446C-BC58-FFA7583BB747}.Debug|Any CPU.Build.0 = Debug|Any CPU
		{7FED7CB8-74E9-446C-BC58-FFA7583BB747}.Release|Any CPU.ActiveCfg = Release|Any CPU
		{7FED7CB8-74E9-446C-BC58-FFA7583BB747}.Release|Any CPU.Build.0 = Release|Any CPU
	EndGlobalSection
	GlobalSection(SolutionProperties) = preSolution
		HideSolutionNode = FALSE
	EndGlobalSection
	GlobalSection(ExtensibilityGlobals) = postSolution
		SolutionGuid = {221402D9-F1ED-4E50-A31D-A99002E5B32E}
	EndGlobalSection
EndGlobal
